
Microsoft Visual Studio Solution File, Format Version 12.00
# Visual Studio Version 17
VisualStudioVersion = 17.7.34031.279
MinimumVisualStudioVersion = 10.0.40219.1
Project("{FAE04EC0-301F-11D3-BF4B-00C04F79EFBC}") = "Exception handling", "Exception handling\Exception handling.csproj", "{9A7A5E18-3E91-429C-91F0-180CF100FF70}"
EndProject
Global
	GlobalSection(SolutionConfigurationPlatforms) = preSolution
		Debug|Any CPU = Debug|Any CPU
		Release|Any CPU = Release|Any CPU
	EndGlobalSection
	GlobalSection(ProjectConfigurationPlatforms) = postSolution
		{9A7A5E18-3E91-429C-91F0-180CF100FF70}.Debug|Any CPU.ActiveCfg = Debug|Any CPU
		{9A7A5E18-3E91-429C-91F0-180CF100FF70}.Debug|Any CPU.Build.0 = Debug|Any CPU
		{9A7A5E18-3E91-429C-91F0-180CF100FF70}.Release|Any CPU.ActiveCfg = Release|Any CPU
		{9A7A5E18-3E91-429C-91F0-180CF100FF70}.Release|Any CPU.Build.0 = Release|Any CPU
	EndGlobalSection
	GlobalSection(SolutionProperties) = preSolution
		HideSolutionNode = FALSE
	EndGlobalSection
	GlobalSection(ExtensibilityGlobals) = postSolution
		SolutionGuid = {A7B4A0A5-A69C-4AD2-828F-5178DA7CDC0A}
	EndGlobalSection
EndGlobal
